{
  "lockfile_version": "1",
  "packages": {
    "nodejs@latest": {
      "last_modified": "2024-03-09T07:11:56Z",
      "plugin_version": "0.0.2",
      "resolved": "github:NixOS/nixpkgs/0e7f98a5f30166cbed344569426850b21e4091d4#nodejs_21",
      "source": "devbox-search",
      "version": "21.7.1",
      "systems": {
        "aarch64-darwin": {
          "outputs": [
            {
              "name": "out",
              "path": "/nix/store/mh1db6rni4mlcr473sh3fy6jg2m38jvg-nodejs-21.7.1",
              "default": true
            },
            {
              "name": "libv8",
              "path": "/nix/store/bn2x9pm3fsnvflwvr72rqrhras5cadiq-nodejs-21.7.1-libv8"
            }
          ],
          "store_path": "/nix/store/mh1db6rni4mlcr473sh3fy6jg2m38jvg-nodejs-21.7.1"
        },
        "aarch64-linux": {
          "outputs": [
            {
              "name": "out",
              "path": "/nix/store/ziyb3ny5f9hcwp0lsb9gwdv1pqsn03x1-nodejs-21.7.1",
              "default": true
            },
            {
              "name": "libv8",
              "path": "/nix/store/1b5fk71c4pka3s88aaijdy0d2zy8jjby-nodejs-21.7.1-libv8"
            }
          ],
          "store_path": "/nix/store/ziyb3ny5f9hcwp0lsb9gwdv1pqsn03x1-nodejs-21.7.1"
        },
        "x86_64-darwin": {
          "outputs": [
            {
              "name": "out",
              "path": "/nix/store/0zaa3aarbsj38g62ihv94gz2hgvgh6bc-nodejs-21.7.1",
              "default": true
            },
            {
              "name": "libv8",
              "path": "/nix/store/rh37hjqlafl12k6ayqjh47i2368crsh4-nodejs-21.7.1-libv8"
            }
          ],
          "store_path": "/nix/store/0zaa3aarbsj38g62ihv94gz2hgvgh6bc-nodejs-21.7.1"
        },
        "x86_64-linux": {
          "outputs": [
            {
              "name": "out",
              "path": "/nix/store/4arhczh30ychpx6h2wpj5nhx39wm0nla-nodejs-21.7.1",
              "default": true
            },
            {
              "name": "libv8",
              "path": "/nix/store/hy0382418bj2gz8045h8y2ih9a2j42py-nodejs-21.7.1-libv8"
            }
          ],
          "store_path": "/nix/store/4arhczh30ychpx6h2wpj5nhx39wm0nla-nodejs-21.7.1"
        }
      }
    }
  }
}
